Microsoft Visual Studio Solution File, Format Version 12.00
# Visual Studio Version 17
VisualStudioVersion = 17.1.32414.318
MinimumVisualStudioVersion = 10.0.40219.1
Project("{8BC9CEB8-8B4A-11D0-8D11-00A0C91BC942}") = "InACTually", "InACTually.vcxproj", "{76918182-90EC-4CA7-B32E-10EE4473C931}"
	ProjectSection(ProjectDependencies) = postProject
		{0D706077-B4EA-4277-AFCA-F72B9EDFE5E5} = {0D706077-B4EA-4277-AFCA-F72B9EDFE5E5}
		{28F51AE2-A676-49BB-AD3D-80FFFA709119} = {28F51AE2-A676-49BB-AD3D-80FFFA709119}
		{5E831036-CB67-4A85-96C5-AC96FD7215FA} = {5E831036-CB67-4A85-96C5-AC96FD7215FA}
		{677B20AC-1605-4400-9AEC-807496D5DE27} = {677B20AC-1605-4400-9AEC-807496D5DE27}
		{DD348A03-5CCF-4039-B8C9-268C5C0D9CB4} = {DD348A03-5CCF-4039-B8C9-268C5C0D9CB4}
	EndProjectSection
EndProject
Project("{8BC9CEB8-8B4A-11D0-8D11-00A0C91BC942}") = "IA_3rd", "IA_3rd.vcxproj", "{5E831036-CB67-4A85-96C5-AC96FD7215FA}"
EndProject
Project("{8BC9CEB8-8B4A-11D0-8D11-00A0C91BC942}") = "IA_Processing", "IA_Processing.vcxproj", "{DD348A03-5CCF-4039-B8C9-268C5C0D9CB4}"
EndProject
Project("{8BC9CEB8-8B4A-11D0-8D11-00A0C91BC942}") = "IA_System", "IA_System.vcxproj", "{28F51AE2-A676-49BB-AD3D-80FFFA709119}"
EndProject
Project("{8BC9CEB8-8B4A-11D0-8D11-00A0C91BC942}") = "IA_Room", "IA_Room.vcxproj", "{677B20AC-1605-4400-9AEC-807496D5DE27}"
EndProject
Project("{8BC9CEB8-8B4A-11D0-8D11-00A0C91BC942}") = "IA_Experimental", "IA_Experimental.vcxproj", "{0D706077-B4EA-4277-AFCA-F72B9EDFE5E5}"
EndProject
Global
	GlobalSection(SolutionConfigurationPlatforms) = preSolution
		Debug_noASIO|x64 = Debug_noASIO|x64
		Debug_noASIO|x86 = Debug_noASIO|x86
		Debug|x64 = Debug|x64
		Debug|x86 = Debug|x86
		noASIO|x64 = noASIO|x64
		noASIO|x86 = noASIO|x86
		Release_noASIO|x64 = Release_noASIO|x64
		Release_noASIO|x86 = Release_noASIO|x86
		Release|x64 = Release|x64
		Release|x86 = Release|x86
	EndGlobalSection
	GlobalSection(ProjectConfigurationPlatforms) = postSolution
		{76918182-90EC-4CA7-B32E-10EE4473C931}.Debug_noASIO|x64.ActiveCfg = Debug_noASIO|x64
		{76918182-90EC-4CA7-B32E-10EE4473C931}.Debug_noASIO|x64.Build.0 = Debug_noASIO|x64
		{76918182-90EC-4CA7-B32E-10EE4473C931}.Debug_noASIO|x86.ActiveCfg = Debug_noASIO|x64
		{76918182-90EC-4CA7-B32E-10EE4473C931}.Debug_noASIO|x86.Build.0 = Debug_noASIO|x64
		{76918182-90EC-4CA7-B32E-10EE4473C931}.Debug|x64.ActiveCfg = Debug|x64
		{76918182-90EC-4CA7-B32E-10EE4473C931}.Debug|x64.Build.0 = Debug|x64
		{76918182-90EC-4CA7-B32E-10EE4473C931}.Debug|x86.ActiveCfg = Debug|x64
		{76918182-90EC-4CA7-B32E-10EE4473C931}.Debug|x86.Build.0 = Debug|x64
		{76918182-90EC-4CA7-B32E-10EE4473C931}.noASIO|x64.ActiveCfg = Release_noASIO|x64
		{76918182-90EC-4CA7-B32E-10EE4473C931}.noASIO|x64.Build.0 = Release_noASIO|x64
		{76918182-90EC-4CA7-B32E-10EE4473C931}.noASIO|x86.ActiveCfg = Release_noASIO|x64
		{76918182-90EC-4CA7-B32E-10EE4473C931}.noASIO|x86.Build.0 = Release_noASIO|x64
		{76918182-90EC-4CA7-B32E-10EE4473C931}.Release_noASIO|x64.ActiveCfg = Release_noASIO|x64
		{76918182-90EC-4CA7-B32E-10EE4473C931}.Release_noASIO|x64.Build.0 = Release_noASIO|x64
		{76918182-90EC-4CA7-B32E-10EE4473C931}.Release_noASIO|x86.ActiveCfg = Release_noASIO|x64
		{76918182-90EC-4CA7-B32E-10EE4473C931}.Release_noASIO|x86.Build.0 = Release_noASIO|x64
		{76918182-90EC-4CA7-B32E-10EE4473C931}.Release|x64.ActiveCfg = Release|x64
		{76918182-90EC-4CA7-B32E-10EE4473C931}.Release|x64.Build.0 = Release|x64
		{76918182-90EC-4CA7-B32E-10EE4473C931}.Release|x86.ActiveCfg = Release|x64
		{76918182-90EC-4CA7-B32E-10EE4473C931}.Release|x86.Build.0 = Release|x64
		{5E831036-CB67-4A85-96C5-AC96FD7215FA}.Debug_noASIO|x64.ActiveCfg = Debug_noASIO|x64
		{5E831036-CB67-4A85-96C5-AC96FD7215FA}.Debug_noASIO|x64.Build.0 = Debug_noASIO|x64
		{5E831036-CB67-4A85-96C5-AC96FD7215FA}.Debug_noASIO|x86.ActiveCfg = Debug_noASIO|x64
		{5E831036-CB67-4A85-96C5-AC96FD7215FA}.Debug_noASIO|x86.Build.0 = Debug_noASIO|x64
		{5E831036-CB67-4A85-96C5-AC96FD7215FA}.Debug|x64.ActiveCfg = Debug|x64
		{5E831036-CB67-4A85-96C5-AC96FD7215FA}.Debug|x64.Build.0 = Debug|x64
		{5E831036-CB67-4A85-96C5-AC96FD7215FA}.Debug|x86.ActiveCfg = Debug|x64
		{5E831036-CB67-4A85-96C5-AC96FD7215FA}.Debug|x86.Build.0 = Debug|x64
		{5E831036-CB67-4A85-96C5-AC96FD7215FA}.noASIO|x64.ActiveCfg = Release_noASIO|x64
		{5E831036-CB67-4A85-96C5-AC96FD7215FA}.noASIO|x64.Build.0 = Release_noASIO|x64
		{5E831036-CB67-4A85-96C5-AC96FD7215FA}.noASIO|x86.ActiveCfg = Release_noASIO|x64
		{5E831036-CB67-4A85-96C5-AC96FD7215FA}.noASIO|x86.Build.0 = Release_noASIO|x64
		{5E831036-CB67-4A85-96C5-AC96FD7215FA}.Release_noASIO|x64.ActiveCfg = Release_noASIO|x64
		{5E831036-CB67-4A85-96C5-AC96FD7215FA}.Release_noASIO|x64.Build.0 = Release_noASIO|x64
		{5E831036-CB67-4A85-96C5-AC96FD7215FA}.Release_noASIO|x86.ActiveCfg = Release_noASIO|x64
		{5E831036-CB67-4A85-96C5-AC96FD7215FA}.Release_noASIO|x86.Build.0 = Release_noASIO|x64
		{5E831036-CB67-4A85-96C5-AC96FD7215FA}.Release|x64.ActiveCfg = Release|x64
		{5E831036-CB67-4A85-96C5-AC96FD7215FA}.Release|x64.Build.0 = Release|x64
		{5E831036-CB67-4A85-96C5-AC96FD7215FA}.Release|x86.ActiveCfg = Release|x64
		{5E831036-CB67-4A85-96C5-AC96FD7215FA}.Release|x86.Build.0 = Release|x64
		{DD348A03-5CCF-4039-B8C9-268C5C0D9CB4}.Debug_noASIO|x64.ActiveCfg = Debug_noASIO|x64
		{DD348A03-5CCF-4039-B8C9-268C5C0D9CB4}.Debug_noASIO|x64.Build.0 = Debug_noASIO|x64
		{DD348A03-5CCF-4039-B8C9-268C5C0D9CB4}.Debug_noASIO|x86.ActiveCfg = Debug_noASIO|x64
		{DD348A03-5CCF-4039-B8C9-268C5C0D9CB4}.Debug_noASIO|x86.Build.0 = Debug_noASIO|x64
		{DD348A03-5CCF-4039-B8C9-268C5C0D9CB4}.Debug|x64.ActiveCfg = Debug|x64
		{DD348A03-5CCF-4039-B8C9-268C5C0D9CB4}.Debug|x64.Build.0 = Debug|x64
		{DD348A03-5CCF-4039-B8C9-268C5C0D9CB4}.Debug|x86.ActiveCfg = Debug|x64
		{DD348A03-5CCF-4039-B8C9-268C5C0D9CB4}.Debug|x86.Build.0 = Debug|x64
		{DD348A03-5CCF-4039-B8C9-268C5C0D9CB4}.noASIO|x64.ActiveCfg = Release_noASIO|x64
		{DD348A03-5CCF-4039-B8C9-268C5C0D9CB4}.noASIO|x64.Build.0 = Release_noASIO|x64
		{DD348A03-5CCF-4039-B8C9-268C5C0D9CB4}.noASIO|x86.ActiveCfg = Release_noASIO|x64
		{DD348A03-5CCF-4039-B8C9-268C5C0D9CB4}.noASIO|x86.Build.0 = Release_noASIO|x64
		{DD348A03-5CCF-4039-B8C9-268C5C0D9CB4}.Release_noASIO|x64.ActiveCfg = Release_noASIO|x64
		{DD348A03-5CCF-4039-B8C9-268C5C0D9CB4}.Release_noASIO|x64.Build.0 = Release_noASIO|x64
		{DD348A03-5CCF-4039-B8C9-268C5C0D9CB4}.Release_noASIO|x86.ActiveCfg = Release_noASIO|x64
		{DD348A03-5CCF-4039-B8C9-268C5C0D9CB4}.Release_noASIO|x86.Build.0 = Release_noASIO|x64
		{DD348A03-5CCF-4039-B8C9-268C5C0D9CB4}.Release|x64.ActiveCfg = Release|x64
		{DD348A03-5CCF-4039-B8C9-268C5C0D9CB4}.Release|x64.Build.0 = Release|x64
		{DD348A03-5CCF-4039-B8C9-268C5C0D9CB4}.Release|x86.ActiveCfg = Release|x64
		{DD348A03-5CCF-4039-B8C9-268C5C0D9CB4}.Release|x86.Build.0 = Release|x64
		{28F51AE2-A676-49BB-AD3D-80FFFA709119}.Debug_noASIO|x64.ActiveCfg = Debug_noASIO|x64
		{28F51AE2-A676-49BB-AD3D-80FFFA709119}.Debug_noASIO|x64.Build.0 = Debug_noASIO|x64
		{28F51AE2-A676-49BB-AD3D-80FFFA709119}.Debug_noASIO|x86.ActiveCfg = Debug_noASIO|x64
		{28F51AE2-A676-49BB-AD3D-80FFFA709119}.Debug_noASIO|x86.Build.0 = Debug_noASIO|x64
		{28F51AE2-A676-49BB-AD3D-80FFFA709119}.Debug|x64.ActiveCfg = Debug|x64
		{28F51AE2-A676-49BB-AD3D-80FFFA709119}.Debug|x64.Build.0 = Debug|x64
		{28F51AE2-A676-49BB-AD3D-80FFFA709119}.Debug|x86.ActiveCfg = Debug|x64
		{28F51AE2-A676-49BB-AD3D-80FFFA709119}.Debug|x86.Build.0 = Debug|x64
		{28F51AE2-A676-49BB-AD3D-80FFFA709119}.noASIO|x64.ActiveCfg = Release_noASIO|x64
		{28F51AE2-A676-49BB-AD3D-80FFFA709119}.noASIO|x64.Build.0 = Release_noASIO|x64
		{28F51AE2-A676-49BB-AD3D-80FFFA709119}.noASIO|x86.ActiveCfg = Release_noASIO|x64
		{28F51AE2-A676-49BB-AD3D-80FFFA709119}.noASIO|x86.Build.0 = Release_noASIO|x64
		{28F51AE2-A676-49BB-AD3D-80FFFA709119}.Release_noASIO|x64.ActiveCfg = Release_noASIO|x64
		{28F51AE2-A676-49BB-AD3D-80FFFA709119}.Release_noASIO|x64.Build.0 = Release_noASIO|x64
		{28F51AE2-A676-49BB-AD3D-80FFFA709119}.Release_noASIO|x86.ActiveCfg = Release_noASIO|x64
		{28F51AE2-A676-49BB-AD3D-80FFFA709119}.Release_noASIO|x86.Build.0 = Release_noASIO|x64
		{28F51AE2-A676-49BB-AD3D-80FFFA709119}.Release|x64.ActiveCfg = Release|x64
		{28F51AE2-A676-49BB-AD3D-80FFFA709119}.Release|x64.Build.0 = Release|x64
		{28F51AE2-A676-49BB-AD3D-80FFFA709119}.Release|x86.ActiveCfg = Release|x64
		{28F51AE2-A676-49BB-AD3D-80FFFA709119}.Release|x86.Build.0 = Release|x64
		{677B20AC-1605-4400-9AEC-807496D5DE27}.Debug_noASIO|x64.ActiveCfg = Debug_noASIO|x64
		{677B20AC-1605-4400-9AEC-807496D5DE27}.Debug_noASIO|x64.Build.0 = Debug_noASIO|x64
		{677B20AC-1605-4400-9AEC-807496D5DE27}.Debug_noASIO|x86.ActiveCfg = Debug_noASIO|x64
		{677B20AC-1605-4400-9AEC-807496D5DE27}.Debug_noASIO|x86.Build.0 = Debug_noASIO|x64
		{677B20AC-1605-4400-9AEC-807496D5DE27}.Debug|x64.ActiveCfg = Debug|x64
		{677B20AC-1605-4400-9AEC-807496D5DE27}.Debug|x64.Build.0 = Debug|x64
		{677B20AC-1605-4400-9AEC-807496D5DE27}.Debug|x86.ActiveCfg = Debug|x64
		{677B20AC-1605-4400-9AEC-807496D5DE27}.Debug|x86.Build.0 = Debug|x64
		{677B20AC-1605-4400-9AEC-807496D5DE27}.noASIO|x64.ActiveCfg = Release_noASIO|x64
		{677B20AC-1605-4400-9AEC-807496D5DE27}.noASIO|x64.Build.0 = Release_noASIO|x64
		{677B20AC-1605-4400-9AEC-807496D5DE27}.noASIO|x86.ActiveCfg = Release_noASIO|x64
		{677B20AC-1605-4400-9AEC-807496D5DE27}.noASIO|x86.Build.0 = Release_noASIO|x64
		{677B20AC-1605-4400-9AEC-807496D5DE27}.Release_noASIO|x64.ActiveCfg = Release_noASIO|x64
		{677B20AC-1605-4400-9AEC-807496D5DE27}.Release_noASIO|x64.Build.0 = Release_noASIO|x64
		{677B20AC-1605-4400-9AEC-807496D5DE27}.Release_noASIO|x86.ActiveCfg = Release_noASIO|x64
		{677B20AC-1605-4400-9AEC-807496D5DE27}.Release_noASIO|x86.Build.0 = Release_noASIO|x64
		{677B20AC-1605-4400-9AEC-807496D5DE27}.Release|x64.ActiveCfg = Release|x64
		{677B20AC-1605-4400-9AEC-807496D5DE27}.Release|x64.Build.0 = Release|x64
		{677B20AC-1605-4400-9AEC-807496D5DE27}.Release|x86.ActiveCfg = Release|x64
		{677B20AC-1605-4400-9AEC-807496D5DE27}.Release|x86.Build.0 = Release|x64
		{0D706077-B4EA-4277-AFCA-F72B9EDFE5E5}.Debug_noASIO|x64.ActiveCfg = Debug_noASIO|x64
		{0D706077-B4EA-4277-AFCA-F72B9EDFE5E5}.Debug_noASIO|x64.Build.0 = Debug_noASIO|x64
		{0D706077-B4EA-4277-AFCA-F72B9EDFE5E5}.Debug_noASIO|x86.ActiveCfg = Debug_noASIO|x64
		{0D706077-B4EA-4277-AFCA-F72B9EDFE5E5}.Debug_noASIO|x86.Build.0 = Debug_noASIO|x64
		{0D706077-B4EA-4277-AFCA-F72B9EDFE5E5}.Debug|x64.ActiveCfg = Debug|x64
		{0D706077-B4EA-4277-AFCA-F72B9EDFE5E5}.Debug|x64.Build.0 = Debug|x64
		{0D706077-B4EA-4277-AFCA-F72B9EDFE5E5}.Debug|x86.ActiveCfg = Debug|x64
		{0D706077-B4EA-4277-AFCA-F72B9EDFE5E5}.Debug|x86.Build.0 = Debug|x64
		{0D706077-B4EA-4277-AFCA-F72B9EDFE5E5}.noASIO|x64.ActiveCfg = Release_noASIO|x64
		{0D706077-B4EA-4277-AFCA-F72B9EDFE5E5}.noASIO|x64.Build.0 = Release_noASIO|x64
		{0D706077-B4EA-4277-AFCA-F72B9EDFE5E5}.noASIO|x86.ActiveCfg = Release_noASIO|x64
		{0D706077-B4EA-4277-AFCA-F72B9EDFE5E5}.noASIO|x86.Build.0 = Release_noASIO|x64
		{0D706077-B4EA-4277-AFCA-F72B9EDFE5E5}.Release_noASIO|x64.ActiveCfg = Release_noASIO|x64
		{0D706077-B4EA-4277-AFCA-F72B9EDFE5E5}.Release_noASIO|x64.Build.0 = Release_noASIO|x64
		{0D706077-B4EA-4277-AFCA-F72B9EDFE5E5}.Release_noASIO|x86.ActiveCfg = Release_noASIO|x64
		{0D706077-B4EA-4277-AFCA-F72B9EDFE5E5}.Release_noASIO|x86.Build.0 = Release_noASIO|x64
		{0D706077-B4EA-4277-AFCA-F72B9EDFE5E5}.Release|x64.ActiveCfg = Release|x64
		{0D706077-B4EA-4277-AFCA-F72B9EDFE5E5}.Release|x64.Build.0 = Release|x64
		{0D706077-B4EA-4277-AFCA-F72B9EDFE5E5}.Release|x86.ActiveCfg = Release|x64
		{0D706077-B4EA-4277-AFCA-F72B9EDFE5E5}.Release|x86.Build.0 = Release|x64
	EndGlobalSection
	GlobalSection(SolutionProperties) = preSolution
		HideSolutionNode = FALSE
	EndGlobalSection
	GlobalSection(ExtensibilityGlobals) = postSolution
		SolutionGuid = {3DC8DD26-62EC-4929-97F4-2482925A406D}
	EndGlobalSection
EndGlobal
