<Project ToolsVersion="4.0" xmlns="http://schemas.microsoft.com/developer/msbuild/2003">
  <ItemGroup>
    <Filter Include="Source Files">
      <UniqueIdentifier>{4FC737F1-C7A5-4376-A066-2A32D752A2FF}</UniqueIdentifier>
      <Extensions>cpp;c;cc;cxx;def;odl;idl;hpj;bat;asm;asmx</Extensions>
    </Filter>
    <Filter Include="Resource Files">
      <UniqueIdentifier>{67DA6AB6-F800-4c08-8B7A-83BB121AAD01}</UniqueIdentifier>
      <Extensions>rc;ico;cur;bmp;dlg;rc2;rct;bin;rgs;gif;jpg;jpeg;jpe;resx;tiff;tif;png;wav</Extensions>
    </Filter>
    <Filter Include="Source Files\utils">
      <UniqueIdentifier>{f442e41f-6eb9-46d1-a411-16d193018150}</UniqueIdentifier>
    </Filter>
    <Filter Include="Source Files\modules">
      <UniqueIdentifier>{f8b683ce-6bd9-4eb1-8e6e-9efef82591e3}</UniqueIdentifier>
    </Filter>
    <Filter Include="Source Files\main">
      <UniqueIdentifier>{b044206c-e02e-4b85-9eb7-4000029afbbf}</UniqueIdentifier>
    </Filter>
    <Filter Include="3rd">
      <UniqueIdentifier>{fe9d9a34-e38a-4698-b0bc-095b2a458554}</UniqueIdentifier>
    </Filter>
    <Filter Include="3rd\libzmq">
      <UniqueIdentifier>{ad67534b-e879-4b0a-9f8c-c59b422c517f}</UniqueIdentifier>
    </Filter>
  </ItemGroup>
  <ItemGroup>
    <ClCompile Include="..\src\modules\ModuleBase.cpp">
      <Filter>Source Files\modules</Filter>
    </ClCompile>
    <ClCompile Include="..\src\modules\ProcessingModule.cpp">
      <Filter>Source Files\modules</Filter>
    </ClCompile>
    <ClCompile Include="..\src\main\InACTually.cpp">
      <Filter>Source Files\main</Filter>
    </ClCompile>
    <ClCompile Include="..\src\main\ModuleRegistry.cpp">
      <Filter>Source Files\main</Filter>
    </ClCompile>
    <ClCompile Include="..\src\InACTuallyApp.cpp">
      <Filter>Source Files\main</Filter>
    </ClCompile>
    <ClCompile Include="..\src\modules\RoomModule.cpp">
      <Filter>Source Files\modules</Filter>
    </ClCompile>
    <ClCompile Include="..\src\modules\DisplayModule.cpp">
      <Filter>Source Files\modules</Filter>
    </ClCompile>
    <ClInclude Include="..\include\modules\NetworkModule.hpp">
      <Filter>Source Files\modules</Filter>
    </ClInclude>
    <ClInclude Include="..\include\processing\ProcNodeRegistry.hpp">
      <Filter>Source Files\main</Filter>
    </ClInclude>
    <ClCompile Include="..\3rd\libzmq\src\address.cpp">
      <Filter>3rd\libzmq</Filter>
    </ClCompile>
    <ClCompile Include="..\3rd\libzmq\src\channel.cpp">
      <Filter>3rd\libzmq</Filter>
    </ClCompile>
    <ClCompile Include="..\3rd\libzmq\src\client.cpp">
      <Filter>3rd\libzmq</Filter>
    </ClCompile>
    <ClCompile Include="..\3rd\libzmq\src\clock.cpp">
      <Filter>3rd\libzmq</Filter>
    </ClCompile>
    <ClCompile Include="..\3rd\libzmq\src\ctx.cpp">
      <Filter>3rd\libzmq</Filter>
    </ClCompile>
    <ClCompile Include="..\3rd\libzmq\src\curve_client.cpp">
      <Filter>3rd\libzmq</Filter>
    </ClCompile>
    <ClCompile Include="..\3rd\libzmq\src\curve_mechanism_base.cpp">
      <Filter>3rd\libzmq</Filter>
    </ClCompile>
    <ClCompile Include="..\3rd\libzmq\src\curve_server.cpp">
      <Filter>3rd\libzmq</Filter>
    </ClCompile>
    <ClCompile Include="..\3rd\libzmq\src\dealer.cpp">
      <Filter>3rd\libzmq</Filter>
    </ClCompile>
    <ClCompile Include="..\3rd\libzmq\src\decoder_allocators.cpp">
      <Filter>3rd\libzmq</Filter>
    </ClCompile>
    <ClCompile Include="..\3rd\libzmq\src\devpoll.cpp">
      <Filter>3rd\libzmq</Filter>
    </ClCompile>
    <ClCompile Include="..\3rd\libzmq\src\dgram.cpp">
      <Filter>3rd\libzmq</Filter>
    </ClCompile>
    <ClCompile Include="..\3rd\libzmq\src\dish.cpp">
      <Filter>3rd\libzmq</Filter>
    </ClCompile>
    <ClCompile Include="..\3rd\libzmq\src\dist.cpp">
      <Filter>3rd\libzmq</Filter>
    </ClCompile>
    <ClCompile Include="..\3rd\libzmq\src\endpoint.cpp">
      <Filter>3rd\libzmq</Filter>
    </ClCompile>
    <ClCompile Include="..\3rd\libzmq\src\epoll.cpp">
      <Filter>3rd\libzmq</Filter>
    </ClCompile>
    <ClCompile Include="..\3rd\libzmq\src\err.cpp">
      <Filter>3rd\libzmq</Filter>
    </ClCompile>
    <ClCompile Include="..\3rd\libzmq\src\fq.cpp">
      <Filter>3rd\libzmq</Filter>
    </ClCompile>
    <ClCompile Include="..\3rd\libzmq\src\gather.cpp">
      <Filter>3rd\libzmq</Filter>
    </ClCompile>
    <ClCompile Include="..\3rd\libzmq\src\gssapi_client.cpp">
      <Filter>3rd\libzmq</Filter>
    </ClCompile>
    <ClCompile Include="..\3rd\libzmq\src\gssapi_mechanism_base.cpp">
      <Filter>3rd\libzmq</Filter>
    </ClCompile>
    <ClCompile Include="..\3rd\libzmq\src\gssapi_server.cpp">
      <Filter>3rd\libzmq</Filter>
    </ClCompile>
    <ClCompile Include="..\3rd\libzmq\src\io_object.cpp">
      <Filter>3rd\libzmq</Filter>
    </ClCompile>
    <ClCompile Include="..\3rd\libzmq\src\io_thread.cpp">
      <Filter>3rd\libzmq</Filter>
    </ClCompile>
    <ClCompile Include="..\3rd\libzmq\src\ip.cpp">
      <Filter>3rd\libzmq</Filter>
    </ClCompile>
    <ClCompile Include="..\3rd\libzmq\src\ipc_address.cpp">
      <Filter>3rd\libzmq</Filter>
    </ClCompile>
    <ClCompile Include="..\3rd\libzmq\src\ipc_connecter.cpp">
      <Filter>3rd\libzmq</Filter>
    </ClCompile>
    <ClCompile Include="..\3rd\libzmq\src\ipc_listener.cpp">
      <Filter>3rd\libzmq</Filter>
    </ClCompile>
    <ClCompile Include="..\3rd\libzmq\src\ip_resolver.cpp">
      <Filter>3rd\libzmq</Filter>
    </ClCompile>
    <ClCompile Include="..\3rd\libzmq\src\kqueue.cpp">
      <Filter>3rd\libzmq</Filter>
    </ClCompile>
    <ClCompile Include="..\3rd\libzmq\src\lb.cpp">
      <Filter>3rd\libzmq</Filter>
    </ClCompile>
    <ClCompile Include="..\3rd\libzmq\src\mailbox.cpp">
      <Filter>3rd\libzmq</Filter>
    </ClCompile>
    <ClCompile Include="..\3rd\libzmq\src\mailbox_safe.cpp">
      <Filter>3rd\libzmq</Filter>
    </ClCompile>
    <ClCompile Include="..\3rd\libzmq\src\mechanism.cpp">
      <Filter>3rd\libzmq</Filter>
    </ClCompile>
    <ClCompile Include="..\3rd\libzmq\src\mechanism_base.cpp">
      <Filter>3rd\libzmq</Filter>
    </ClCompile>
    <ClCompile Include="..\3rd\libzmq\src\metadata.cpp">
      <Filter>3rd\libzmq</Filter>
    </ClCompile>
    <ClCompile Include="..\3rd\libzmq\src\msg.cpp">
      <Filter>3rd\libzmq</Filter>
    </ClCompile>
    <ClCompile Include="..\3rd\libzmq\src\mtrie.cpp">
      <Filter>3rd\libzmq</Filter>
    </ClCompile>
    <ClCompile Include="..\3rd\libzmq\src\norm_engine.cpp">
      <Filter>3rd\libzmq</Filter>
    </ClCompile>
    <ClCompile Include="..\3rd\libzmq\src\null_mechanism.cpp">
      <Filter>3rd\libzmq</Filter>
    </ClCompile>
    <ClCompile Include="..\3rd\libzmq\src\object.cpp">
      <Filter>3rd\libzmq</Filter>
    </ClCompile>
    <ClCompile Include="..\3rd\libzmq\src\options.cpp">
      <Filter>3rd\libzmq</Filter>
    </ClCompile>
    <ClCompile Include="..\3rd\libzmq\src\own.cpp">
      <Filter>3rd\libzmq</Filter>
    </ClCompile>
    <ClCompile Include="..\3rd\libzmq\src\pair.cpp">
      <Filter>3rd\libzmq</Filter>
    </ClCompile>
    <ClCompile Include="..\3rd\libzmq\src\peer.cpp">
      <Filter>3rd\libzmq</Filter>
    </ClCompile>
    <ClCompile Include="..\3rd\libzmq\src\pgm_receiver.cpp">
      <Filter>3rd\libzmq</Filter>
    </ClCompile>
    <ClCompile Include="..\3rd\libzmq\src\pgm_sender.cpp">
      <Filter>3rd\libzmq</Filter>
    </ClCompile>
    <ClCompile Include="..\3rd\libzmq\src\pgm_socket.cpp">
      <Filter>3rd\libzmq</Filter>
    </ClCompile>
    <ClCompile Include="..\3rd\libzmq\src\pipe.cpp">
      <Filter>3rd\libzmq</Filter>
    </ClCompile>
    <ClCompile Include="..\3rd\libzmq\src\plain_client.cpp">
      <Filter>3rd\libzmq</Filter>
    </ClCompile>
    <ClCompile Include="..\3rd\libzmq\src\plain_server.cpp">
      <Filter>3rd\libzmq</Filter>
    </ClCompile>
    <ClCompile Include="..\3rd\libzmq\src\poll.cpp">
      <Filter>3rd\libzmq</Filter>
    </ClCompile>
    <ClCompile Include="..\3rd\libzmq\src\poller_base.cpp">
      <Filter>3rd\libzmq</Filter>
    </ClCompile>
    <ClCompile Include="..\3rd\libzmq\src\polling_util.cpp">
      <Filter>3rd\libzmq</Filter>
    </ClCompile>
    <ClCompile Include="..\3rd\libzmq\src\pollset.cpp">
      <Filter>3rd\libzmq</Filter>
    </ClCompile>
    <ClCompile Include="..\3rd\libzmq\src\precompiled.cpp">
      <Filter>3rd\libzmq</Filter>
    </ClCompile>
    <ClCompile Include="..\3rd\libzmq\src\proxy.cpp">
      <Filter>3rd\libzmq</Filter>
    </ClCompile>
    <ClCompile Include="..\3rd\libzmq\src\pub.cpp">
      <Filter>3rd\libzmq</Filter>
    </ClCompile>
    <ClCompile Include="..\3rd\libzmq\src\pull.cpp">
      <Filter>3rd\libzmq</Filter>
    </ClCompile>
    <ClCompile Include="..\3rd\libzmq\src\push.cpp">
      <Filter>3rd\libzmq</Filter>
    </ClCompile>
    <ClCompile Include="..\3rd\libzmq\src\radio.cpp">
      <Filter>3rd\libzmq</Filter>
    </ClCompile>
    <ClCompile Include="..\3rd\libzmq\src\radix_tree.cpp">
      <Filter>3rd\libzmq</Filter>
    </ClCompile>
    <ClCompile Include="..\3rd\libzmq\src\random.cpp">
      <Filter>3rd\libzmq</Filter>
    </ClCompile>
    <ClCompile Include="..\3rd\libzmq\src\raw_decoder.cpp">
      <Filter>3rd\libzmq</Filter>
    </ClCompile>
    <ClCompile Include="..\3rd\libzmq\src\raw_encoder.cpp">
      <Filter>3rd\libzmq</Filter>
    </ClCompile>
    <ClCompile Include="..\3rd\libzmq\src\raw_engine.cpp">
      <Filter>3rd\libzmq</Filter>
    </ClCompile>
    <ClCompile Include="..\3rd\libzmq\src\reaper.cpp">
      <Filter>3rd\libzmq</Filter>
    </ClCompile>
    <ClCompile Include="..\3rd\libzmq\src\rep.cpp">
      <Filter>3rd\libzmq</Filter>
    </ClCompile>
    <ClCompile Include="..\3rd\libzmq\src\req.cpp">
      <Filter>3rd\libzmq</Filter>
    </ClCompile>
    <ClCompile Include="..\3rd\libzmq\src\router.cpp">
      <Filter>3rd\libzmq</Filter>
    </ClCompile>
    <ClCompile Include="..\3rd\libzmq\src\scatter.cpp">
      <Filter>3rd\libzmq</Filter>
    </ClCompile>
    <ClCompile Include="..\3rd\libzmq\src\select.cpp">
      <Filter>3rd\libzmq</Filter>
    </ClCompile>
    <ClCompile Include="..\3rd\libzmq\src\server.cpp">
      <Filter>3rd\libzmq</Filter>
    </ClCompile>
    <ClCompile Include="..\3rd\libzmq\src\session_base.cpp">
      <Filter>3rd\libzmq</Filter>
    </ClCompile>
    <ClCompile Include="..\3rd\libzmq\src\signaler.cpp">
      <Filter>3rd\libzmq</Filter>
    </ClCompile>
    <ClCompile Include="..\3rd\libzmq\src\socket_base.cpp">
      <Filter>3rd\libzmq</Filter>
    </ClCompile>
    <ClCompile Include="..\3rd\libzmq\src\socket_poller.cpp">
      <Filter>3rd\libzmq</Filter>
    </ClCompile>
    <ClCompile Include="..\3rd\libzmq\src\socks.cpp">
      <Filter>3rd\libzmq</Filter>
    </ClCompile>
    <ClCompile Include="..\3rd\libzmq\src\socks_connecter.cpp">
      <Filter>3rd\libzmq</Filter>
    </ClCompile>
    <ClCompile Include="..\3rd\libzmq\src\stream.cpp">
      <Filter>3rd\libzmq</Filter>
    </ClCompile>
    <ClCompile Include="..\3rd\libzmq\src\stream_connecter_base.cpp">
      <Filter>3rd\libzmq</Filter>
    </ClCompile>
    <ClCompile Include="..\3rd\libzmq\src\stream_engine_base.cpp">
      <Filter>3rd\libzmq</Filter>
    </ClCompile>
    <ClCompile Include="..\3rd\libzmq\src\stream_listener_base.cpp">
      <Filter>3rd\libzmq</Filter>
    </ClCompile>
    <ClCompile Include="..\3rd\libzmq\src\sub.cpp">
      <Filter>3rd\libzmq</Filter>
    </ClCompile>
    <ClCompile Include="..\3rd\libzmq\src\tcp.cpp">
      <Filter>3rd\libzmq</Filter>
    </ClCompile>
    <ClCompile Include="..\3rd\libzmq\src\tcp_address.cpp">
      <Filter>3rd\libzmq</Filter>
    </ClCompile>
    <ClCompile Include="..\3rd\libzmq\src\tcp_connecter.cpp">
      <Filter>3rd\libzmq</Filter>
    </ClCompile>
    <ClCompile Include="..\3rd\libzmq\src\tcp_listener.cpp">
      <Filter>3rd\libzmq</Filter>
    </ClCompile>
    <ClCompile Include="..\3rd\libzmq\src\thread.cpp">
      <Filter>3rd\libzmq</Filter>
    </ClCompile>
    <ClCompile Include="..\3rd\libzmq\src\timers.cpp">
      <Filter>3rd\libzmq</Filter>
    </ClCompile>
    <ClCompile Include="..\3rd\libzmq\src\tipc_address.cpp">
      <Filter>3rd\libzmq</Filter>
    </ClCompile>
    <ClCompile Include="..\3rd\libzmq\src\tipc_connecter.cpp">
      <Filter>3rd\libzmq</Filter>
    </ClCompile>
    <ClCompile Include="..\3rd\libzmq\src\tipc_listener.cpp">
      <Filter>3rd\libzmq</Filter>
    </ClCompile>
    <ClCompile Include="..\3rd\libzmq\src\trie.cpp">
      <Filter>3rd\libzmq</Filter>
    </ClCompile>
    <ClCompile Include="..\3rd\libzmq\src\udp_address.cpp">
      <Filter>3rd\libzmq</Filter>
    </ClCompile>
    <ClCompile Include="..\3rd\libzmq\src\udp_engine.cpp">
      <Filter>3rd\libzmq</Filter>
    </ClCompile>
    <ClCompile Include="..\3rd\libzmq\src\v1_decoder.cpp">
      <Filter>3rd\libzmq</Filter>
    </ClCompile>
    <ClCompile Include="..\3rd\libzmq\src\v1_encoder.cpp">
      <Filter>3rd\libzmq</Filter>
    </ClCompile>
    <ClCompile Include="..\3rd\libzmq\src\v2_decoder.cpp">
      <Filter>3rd\libzmq</Filter>
    </ClCompile>
    <ClCompile Include="..\3rd\libzmq\src\v2_encoder.cpp">
      <Filter>3rd\libzmq</Filter>
    </ClCompile>
    <ClCompile Include="..\3rd\libzmq\src\v3_1_encoder.cpp">
      <Filter>3rd\libzmq</Filter>
    </ClCompile>
    <ClCompile Include="..\3rd\libzmq\src\vmci.cpp">
      <Filter>3rd\libzmq</Filter>
    </ClCompile>
    <ClCompile Include="..\3rd\libzmq\src\vmci_address.cpp">
      <Filter>3rd\libzmq</Filter>
    </ClCompile>
    <ClCompile Include="..\3rd\libzmq\src\vmci_connecter.cpp">
      <Filter>3rd\libzmq</Filter>
    </ClCompile>
    <ClCompile Include="..\3rd\libzmq\src\vmci_listener.cpp">
      <Filter>3rd\libzmq</Filter>
    </ClCompile>
    <ClCompile Include="..\3rd\libzmq\src\xpub.cpp">
      <Filter>3rd\libzmq</Filter>
    </ClCompile>
    <ClCompile Include="..\3rd\libzmq\src\xsub.cpp">
      <Filter>3rd\libzmq</Filter>
    </ClCompile>
    <ClCompile Include="..\3rd\libzmq\src\zap_client.cpp">
      <Filter>3rd\libzmq</Filter>
    </ClCompile>
    <ClCompile Include="..\3rd\libzmq\src\zmq.cpp">
      <Filter>3rd\libzmq</Filter>
    </ClCompile>
    <ClCompile Include="..\3rd\libzmq\src\zmq_utils.cpp">
      <Filter>3rd\libzmq</Filter>
    </ClCompile>
    <ClCompile Include="..\3rd\libzmq\src\zmtp_engine.cpp">
      <Filter>3rd\libzmq</Filter>
    </ClCompile>
    <ClCompile Include="..\src\utils\Logger.cpp">
      <Filter>Source Files\utils</Filter>
    </ClCompile>
    <ClCompile Include="..\src\processing\ProcNodeRegistry.cpp">
      <Filter>Source Files\main</Filter>
    </ClCompile>
  </ItemGroup>
  <ItemGroup>
    <ClInclude Include="..\include\utils\ColorGradient.hpp">
      <Filter>Source Files\utils</Filter>
    </ClInclude>
    <ClInclude Include="..\include\utils\Design.hpp">
      <Filter>Source Files\utils</Filter>
    </ClInclude>
    <ClInclude Include="..\include\utils\stddef.hpp">
      <Filter>Source Files\utils</Filter>
    </ClInclude>
    <ClInclude Include="..\include\modules\ModuleBase.hpp">
      <Filter>Source Files\modules</Filter>
    </ClInclude>
    <ClInclude Include="..\include\main\InACTually.hpp">
      <Filter>Source Files\main</Filter>
    </ClInclude>
    <ClInclude Include="..\include\main\ModuleRegistry.hpp">
      <Filter>Source Files\main</Filter>
    </ClInclude>
    <ClInclude Include="..\include\modules\ProcessingModule.hpp">
      <Filter>Source Files\modules</Filter>
    </ClInclude>
    <ClInclude Include="..\include\utils\Resources.h">
      <Filter>Source Files\utils</Filter>
    </ClInclude>
    <ClInclude Include="..\include\modules\RoomModule.hpp">
      <Filter>Source Files\modules</Filter>
    </ClInclude>
    <ClInclude Include="..\include\utils\RGBAWHelper.h">
      <Filter>Source Files\utils</Filter>
    </ClInclude>
    <ClInclude Include="..\include\utils\jsonHelper.hpp">
      <Filter>Source Files\utils</Filter>
    </ClInclude>
    <ClInclude Include="..\include\utils\UniqueIDBase.hpp">
      <Filter>Source Files\utils</Filter>
    </ClInclude>
    <ClInclude Include="..\include\modules\DisplayModule.hpp">
      <Filter>Source Files\modules</Filter>
    </ClInclude>
    <ClInclude Include="..\3rd\libzmq\src\address.hpp">
      <Filter>3rd\libzmq</Filter>
    </ClInclude>
    <ClInclude Include="..\3rd\libzmq\src\array.hpp">
      <Filter>3rd\libzmq</Filter>
    </ClInclude>
    <ClInclude Include="..\3rd\libzmq\src\atomic_counter.hpp">
      <Filter>3rd\libzmq</Filter>
    </ClInclude>
    <ClInclude Include="..\3rd\libzmq\src\atomic_ptr.hpp">
      <Filter>3rd\libzmq</Filter>
    </ClInclude>
    <ClInclude Include="..\3rd\libzmq\src\blob.hpp">
      <Filter>3rd\libzmq</Filter>
    </ClInclude>
    <ClInclude Include="..\3rd\libzmq\src\channel.hpp">
      <Filter>3rd\libzmq</Filter>
    </ClInclude>
    <ClInclude Include="..\3rd\libzmq\src\client.hpp">
      <Filter>3rd\libzmq</Filter>
    </ClInclude>
    <ClInclude Include="..\3rd\libzmq\src\clock.hpp">
      <Filter>3rd\libzmq</Filter>
    </ClInclude>
    <ClInclude Include="..\3rd\libzmq\src\command.hpp">
      <Filter>3rd\libzmq</Filter>
    </ClInclude>
    <ClInclude Include="..\3rd\libzmq\src\compat.hpp">
      <Filter>3rd\libzmq</Filter>
    </ClInclude>
    <ClInclude Include="..\3rd\libzmq\src\condition_variable.hpp">
      <Filter>3rd\libzmq</Filter>
    </ClInclude>
    <ClInclude Include="..\3rd\libzmq\src\config.hpp">
      <Filter>3rd\libzmq</Filter>
    </ClInclude>
    <ClInclude Include="..\3rd\libzmq\src\ctx.hpp">
      <Filter>3rd\libzmq</Filter>
    </ClInclude>
    <ClInclude Include="..\3rd\libzmq\src\curve_client.hpp">
      <Filter>3rd\libzmq</Filter>
    </ClInclude>
    <ClInclude Include="..\3rd\libzmq\src\curve_client_tools.hpp">
      <Filter>3rd\libzmq</Filter>
    </ClInclude>
    <ClInclude Include="..\3rd\libzmq\src\curve_mechanism_base.hpp">
      <Filter>3rd\libzmq</Filter>
    </ClInclude>
    <ClInclude Include="..\3rd\libzmq\src\curve_server.hpp">
      <Filter>3rd\libzmq</Filter>
    </ClInclude>
    <ClInclude Include="..\3rd\libzmq\src\dbuffer.hpp">
      <Filter>3rd\libzmq</Filter>
    </ClInclude>
    <ClInclude Include="..\3rd\libzmq\src\dealer.hpp">
      <Filter>3rd\libzmq</Filter>
    </ClInclude>
    <ClInclude Include="..\3rd\libzmq\src\decoder.hpp">
      <Filter>3rd\libzmq</Filter>
    </ClInclude>
    <ClInclude Include="..\3rd\libzmq\src\decoder_allocators.hpp">
      <Filter>3rd\libzmq</Filter>
    </ClInclude>
    <ClInclude Include="..\3rd\libzmq\src\devpoll.hpp">
      <Filter>3rd\libzmq</Filter>
    </ClInclude>
    <ClInclude Include="..\3rd\libzmq\src\dgram.hpp">
      <Filter>3rd\libzmq</Filter>
    </ClInclude>
    <ClInclude Include="..\3rd\libzmq\src\dish.hpp">
      <Filter>3rd\libzmq</Filter>
    </ClInclude>
    <ClInclude Include="..\3rd\libzmq\src\dist.hpp">
      <Filter>3rd\libzmq</Filter>
    </ClInclude>
    <ClInclude Include="..\3rd\libzmq\src\encoder.hpp">
      <Filter>3rd\libzmq</Filter>
    </ClInclude>
    <ClInclude Include="..\3rd\libzmq\src\endpoint.hpp">
      <Filter>3rd\libzmq</Filter>
    </ClInclude>
    <ClInclude Include="..\3rd\libzmq\src\epoll.hpp">
      <Filter>3rd\libzmq</Filter>
    </ClInclude>
    <ClInclude Include="..\3rd\libzmq\src\err.hpp">
      <Filter>3rd\libzmq</Filter>
    </ClInclude>
    <ClInclude Include="..\3rd\libzmq\src\fd.hpp">
      <Filter>3rd\libzmq</Filter>
    </ClInclude>
    <ClInclude Include="..\3rd\libzmq\src\fq.hpp">
      <Filter>3rd\libzmq</Filter>
    </ClInclude>
    <ClInclude Include="..\3rd\libzmq\src\gather.hpp">
      <Filter>3rd\libzmq</Filter>
    </ClInclude>
    <ClInclude Include="..\3rd\libzmq\src\generic_mtrie.hpp">
      <Filter>3rd\libzmq</Filter>
    </ClInclude>
    <ClInclude Include="..\3rd\libzmq\src\generic_mtrie_impl.hpp">
      <Filter>3rd\libzmq</Filter>
    </ClInclude>
    <ClInclude Include="..\3rd\libzmq\src\gssapi_client.hpp">
      <Filter>3rd\libzmq</Filter>
    </ClInclude>
    <ClInclude Include="..\3rd\libzmq\src\gssapi_mechanism_base.hpp">
      <Filter>3rd\libzmq</Filter>
    </ClInclude>
    <ClInclude Include="..\3rd\libzmq\src\gssapi_server.hpp">
      <Filter>3rd\libzmq</Filter>
    </ClInclude>
    <ClInclude Include="..\3rd\libzmq\src\io_object.hpp">
      <Filter>3rd\libzmq</Filter>
    </ClInclude>
    <ClInclude Include="..\3rd\libzmq\src\io_thread.hpp">
      <Filter>3rd\libzmq</Filter>
    </ClInclude>
    <ClInclude Include="..\3rd\libzmq\src\ip.hpp">
      <Filter>3rd\libzmq</Filter>
    </ClInclude>
    <ClInclude Include="..\3rd\libzmq\src\ipc_address.hpp">
      <Filter>3rd\libzmq</Filter>
    </ClInclude>
    <ClInclude Include="..\3rd\libzmq\src\ipc_connecter.hpp">
      <Filter>3rd\libzmq</Filter>
    </ClInclude>
    <ClInclude Include="..\3rd\libzmq\src\ipc_listener.hpp">
      <Filter>3rd\libzmq</Filter>
    </ClInclude>
    <ClInclude Include="..\3rd\libzmq\src\ip_resolver.hpp">
      <Filter>3rd\libzmq</Filter>
    </ClInclude>
    <ClInclude Include="..\3rd\libzmq\src\i_decoder.hpp">
      <Filter>3rd\libzmq</Filter>
    </ClInclude>
    <ClInclude Include="..\3rd\libzmq\src\i_encoder.hpp">
      <Filter>3rd\libzmq</Filter>
    </ClInclude>
    <ClInclude Include="..\3rd\libzmq\src\i_engine.hpp">
      <Filter>3rd\libzmq</Filter>
    </ClInclude>
    <ClInclude Include="..\3rd\libzmq\src\i_mailbox.hpp">
      <Filter>3rd\libzmq</Filter>
    </ClInclude>
    <ClInclude Include="..\3rd\libzmq\src\i_poll_events.hpp">
      <Filter>3rd\libzmq</Filter>
    </ClInclude>
    <ClInclude Include="..\3rd\libzmq\src\kqueue.hpp">
      <Filter>3rd\libzmq</Filter>
    </ClInclude>
    <ClInclude Include="..\3rd\libzmq\src\lb.hpp">
      <Filter>3rd\libzmq</Filter>
    </ClInclude>
    <ClInclude Include="..\3rd\libzmq\src\likely.hpp">
      <Filter>3rd\libzmq</Filter>
    </ClInclude>
    <ClInclude Include="..\3rd\libzmq\src\macros.hpp">
      <Filter>3rd\libzmq</Filter>
    </ClInclude>
    <ClInclude Include="..\3rd\libzmq\src\mailbox.hpp">
      <Filter>3rd\libzmq</Filter>
    </ClInclude>
    <ClInclude Include="..\3rd\libzmq\src\mailbox_safe.hpp">
      <Filter>3rd\libzmq</Filter>
    </ClInclude>
    <ClInclude Include="..\3rd\libzmq\src\mechanism.hpp">
      <Filter>3rd\libzmq</Filter>
    </ClInclude>
    <ClInclude Include="..\3rd\libzmq\src\mechanism_base.hpp">
      <Filter>3rd\libzmq</Filter>
    </ClInclude>
    <ClInclude Include="..\3rd\libzmq\src\metadata.hpp">
      <Filter>3rd\libzmq</Filter>
    </ClInclude>
    <ClInclude Include="..\3rd\libzmq\src\msg.hpp">
      <Filter>3rd\libzmq</Filter>
    </ClInclude>
    <ClInclude Include="..\3rd\libzmq\src\mtrie.hpp">
      <Filter>3rd\libzmq</Filter>
    </ClInclude>
    <ClInclude Include="..\3rd\libzmq\src\mutex.hpp">
      <Filter>3rd\libzmq</Filter>
    </ClInclude>
    <ClInclude Include="..\3rd\libzmq\src\norm_engine.hpp">
      <Filter>3rd\libzmq</Filter>
    </ClInclude>
    <ClInclude Include="..\3rd\libzmq\src\null_mechanism.hpp">
      <Filter>3rd\libzmq</Filter>
    </ClInclude>
    <ClInclude Include="..\3rd\libzmq\src\object.hpp">
      <Filter>3rd\libzmq</Filter>
    </ClInclude>
    <ClInclude Include="..\3rd\libzmq\src\options.hpp">
      <Filter>3rd\libzmq</Filter>
    </ClInclude>
    <ClInclude Include="..\3rd\libzmq\src\own.hpp">
      <Filter>3rd\libzmq</Filter>
    </ClInclude>
    <ClInclude Include="..\3rd\libzmq\src\pair.hpp">
      <Filter>3rd\libzmq</Filter>
    </ClInclude>
    <ClInclude Include="..\3rd\libzmq\src\peer.hpp">
      <Filter>3rd\libzmq</Filter>
    </ClInclude>
    <ClInclude Include="..\3rd\libzmq\src\pgm_receiver.hpp">
      <Filter>3rd\libzmq</Filter>
    </ClInclude>
    <ClInclude Include="..\3rd\libzmq\src\pgm_sender.hpp">
      <Filter>3rd\libzmq</Filter>
    </ClInclude>
    <ClInclude Include="..\3rd\libzmq\src\pgm_socket.hpp">
      <Filter>3rd\libzmq</Filter>
    </ClInclude>
    <ClInclude Include="..\3rd\libzmq\src\pipe.hpp">
      <Filter>3rd\libzmq</Filter>
    </ClInclude>
    <ClInclude Include="..\3rd\libzmq\src\plain_client.hpp">
      <Filter>3rd\libzmq</Filter>
    </ClInclude>
    <ClInclude Include="..\3rd\libzmq\src\plain_common.hpp">
      <Filter>3rd\libzmq</Filter>
    </ClInclude>
    <ClInclude Include="..\3rd\libzmq\src\plain_server.hpp">
      <Filter>3rd\libzmq</Filter>
    </ClInclude>
    <ClInclude Include="..\3rd\libzmq\src\poll.hpp">
      <Filter>3rd\libzmq</Filter>
    </ClInclude>
    <ClInclude Include="..\3rd\libzmq\src\poller.hpp">
      <Filter>3rd\libzmq</Filter>
    </ClInclude>
    <ClInclude Include="..\3rd\libzmq\src\poller_base.hpp">
      <Filter>3rd\libzmq</Filter>
    </ClInclude>
    <ClInclude Include="..\3rd\libzmq\src\polling_util.hpp">
      <Filter>3rd\libzmq</Filter>
    </ClInclude>
    <ClInclude Include="..\3rd\libzmq\src\pollset.hpp">
      <Filter>3rd\libzmq</Filter>
    </ClInclude>
    <ClInclude Include="..\3rd\libzmq\src\precompiled.hpp">
      <Filter>3rd\libzmq</Filter>
    </ClInclude>
    <ClInclude Include="..\3rd\libzmq\src\proxy.hpp">
      <Filter>3rd\libzmq</Filter>
    </ClInclude>
    <ClInclude Include="..\3rd\libzmq\src\pub.hpp">
      <Filter>3rd\libzmq</Filter>
    </ClInclude>
    <ClInclude Include="..\3rd\libzmq\src\pull.hpp">
      <Filter>3rd\libzmq</Filter>
    </ClInclude>
    <ClInclude Include="..\3rd\libzmq\src\push.hpp">
      <Filter>3rd\libzmq</Filter>
    </ClInclude>
    <ClInclude Include="..\3rd\libzmq\src\radio.hpp">
      <Filter>3rd\libzmq</Filter>
    </ClInclude>
    <ClInclude Include="..\3rd\libzmq\src\radix_tree.hpp">
      <Filter>3rd\libzmq</Filter>
    </ClInclude>
    <ClInclude Include="..\3rd\libzmq\src\random.hpp">
      <Filter>3rd\libzmq</Filter>
    </ClInclude>
    <ClInclude Include="..\3rd\libzmq\src\raw_decoder.hpp">
      <Filter>3rd\libzmq</Filter>
    </ClInclude>
    <ClInclude Include="..\3rd\libzmq\src\raw_encoder.hpp">
      <Filter>3rd\libzmq</Filter>
    </ClInclude>
    <ClInclude Include="..\3rd\libzmq\src\raw_engine.hpp">
      <Filter>3rd\libzmq</Filter>
    </ClInclude>
    <ClInclude Include="..\3rd\libzmq\src\reaper.hpp">
      <Filter>3rd\libzmq</Filter>
    </ClInclude>
    <ClInclude Include="..\3rd\libzmq\src\rep.hpp">
      <Filter>3rd\libzmq</Filter>
    </ClInclude>
    <ClInclude Include="..\3rd\libzmq\src\req.hpp">
      <Filter>3rd\libzmq</Filter>
    </ClInclude>
    <ClInclude Include="..\3rd\libzmq\src\router.hpp">
      <Filter>3rd\libzmq</Filter>
    </ClInclude>
    <ClInclude Include="..\3rd\libzmq\src\scatter.hpp">
      <Filter>3rd\libzmq</Filter>
    </ClInclude>
    <ClInclude Include="..\3rd\libzmq\src\secure_allocator.hpp">
      <Filter>3rd\libzmq</Filter>
    </ClInclude>
    <ClInclude Include="..\3rd\libzmq\src\select.hpp">
      <Filter>3rd\libzmq</Filter>
    </ClInclude>
    <ClInclude Include="..\3rd\libzmq\src\server.hpp">
      <Filter>3rd\libzmq</Filter>
    </ClInclude>
    <ClInclude Include="..\3rd\libzmq\src\session_base.hpp">
      <Filter>3rd\libzmq</Filter>
    </ClInclude>
    <ClInclude Include="..\3rd\libzmq\src\signaler.hpp">
      <Filter>3rd\libzmq</Filter>
    </ClInclude>
    <ClInclude Include="..\3rd\libzmq\src\socket_base.hpp">
      <Filter>3rd\libzmq</Filter>
    </ClInclude>
    <ClInclude Include="..\3rd\libzmq\src\socket_poller.hpp">
      <Filter>3rd\libzmq</Filter>
    </ClInclude>
    <ClInclude Include="..\3rd\libzmq\src\socks.hpp">
      <Filter>3rd\libzmq</Filter>
    </ClInclude>
    <ClInclude Include="..\3rd\libzmq\src\socks_connecter.hpp">
      <Filter>3rd\libzmq</Filter>
    </ClInclude>
    <ClInclude Include="..\3rd\libzmq\src\stdint.hpp">
      <Filter>3rd\libzmq</Filter>
    </ClInclude>
    <ClInclude Include="..\3rd\libzmq\src\stream.hpp">
      <Filter>3rd\libzmq</Filter>
    </ClInclude>
    <ClInclude Include="..\3rd\libzmq\src\stream_connecter_base.hpp">
      <Filter>3rd\libzmq</Filter>
    </ClInclude>
    <ClInclude Include="..\3rd\libzmq\src\stream_engine_base.hpp">
      <Filter>3rd\libzmq</Filter>
    </ClInclude>
    <ClInclude Include="..\3rd\libzmq\src\stream_listener_base.hpp">
      <Filter>3rd\libzmq</Filter>
    </ClInclude>
    <ClInclude Include="..\3rd\libzmq\src\sub.hpp">
      <Filter>3rd\libzmq</Filter>
    </ClInclude>
    <ClInclude Include="..\3rd\libzmq\src\tcp.hpp">
      <Filter>3rd\libzmq</Filter>
    </ClInclude>
    <ClInclude Include="..\3rd\libzmq\src\tcp_address.hpp">
      <Filter>3rd\libzmq</Filter>
    </ClInclude>
    <ClInclude Include="..\3rd\libzmq\src\tcp_connecter.hpp">
      <Filter>3rd\libzmq</Filter>
    </ClInclude>
    <ClInclude Include="..\3rd\libzmq\src\tcp_listener.hpp">
      <Filter>3rd\libzmq</Filter>
    </ClInclude>
    <ClInclude Include="..\3rd\libzmq\src\thread.hpp">
      <Filter>3rd\libzmq</Filter>
    </ClInclude>
    <ClInclude Include="..\3rd\libzmq\src\timers.hpp">
      <Filter>3rd\libzmq</Filter>
    </ClInclude>
    <ClInclude Include="..\3rd\libzmq\src\tipc_address.hpp">
      <Filter>3rd\libzmq</Filter>
    </ClInclude>
    <ClInclude Include="..\3rd\libzmq\src\tipc_connecter.hpp">
      <Filter>3rd\libzmq</Filter>
    </ClInclude>
    <ClInclude Include="..\3rd\libzmq\src\tipc_listener.hpp">
      <Filter>3rd\libzmq</Filter>
    </ClInclude>
    <ClInclude Include="..\3rd\libzmq\src\trie.hpp">
      <Filter>3rd\libzmq</Filter>
    </ClInclude>
    <ClInclude Include="..\3rd\libzmq\src\udp_address.hpp">
      <Filter>3rd\libzmq</Filter>
    </ClInclude>
    <ClInclude Include="..\3rd\libzmq\src\udp_engine.hpp">
      <Filter>3rd\libzmq</Filter>
    </ClInclude>
    <ClInclude Include="..\3rd\libzmq\src\v1_decoder.hpp">
      <Filter>3rd\libzmq</Filter>
    </ClInclude>
    <ClInclude Include="..\3rd\libzmq\src\v1_encoder.hpp">
      <Filter>3rd\libzmq</Filter>
    </ClInclude>
    <ClInclude Include="..\3rd\libzmq\src\v2_decoder.hpp">
      <Filter>3rd\libzmq</Filter>
    </ClInclude>
    <ClInclude Include="..\3rd\libzmq\src\v2_encoder.hpp">
      <Filter>3rd\libzmq</Filter>
    </ClInclude>
    <ClInclude Include="..\3rd\libzmq\src\v2_protocol.hpp">
      <Filter>3rd\libzmq</Filter>
    </ClInclude>
    <ClInclude Include="..\3rd\libzmq\src\v3_1_encoder.hpp">
      <Filter>3rd\libzmq</Filter>
    </ClInclude>
    <ClInclude Include="..\3rd\libzmq\src\vmci.hpp">
      <Filter>3rd\libzmq</Filter>
    </ClInclude>
    <ClInclude Include="..\3rd\libzmq\src\vmci_address.hpp">
      <Filter>3rd\libzmq</Filter>
    </ClInclude>
    <ClInclude Include="..\3rd\libzmq\src\vmci_connecter.hpp">
      <Filter>3rd\libzmq</Filter>
    </ClInclude>
    <ClInclude Include="..\3rd\libzmq\src\vmci_listener.hpp">
      <Filter>3rd\libzmq</Filter>
    </ClInclude>
    <ClInclude Include="..\3rd\libzmq\src\windows.hpp">
      <Filter>3rd\libzmq</Filter>
    </ClInclude>
    <ClInclude Include="..\3rd\libzmq\src\wire.hpp">
      <Filter>3rd\libzmq</Filter>
    </ClInclude>
    <ClInclude Include="..\3rd\libzmq\src\wss_address.hpp">
      <Filter>3rd\libzmq</Filter>
    </ClInclude>
    <ClInclude Include="..\3rd\libzmq\src\wss_engine.hpp">
      <Filter>3rd\libzmq</Filter>
    </ClInclude>
    <ClInclude Include="..\3rd\libzmq\src\ws_address.hpp">
      <Filter>3rd\libzmq</Filter>
    </ClInclude>
    <ClInclude Include="..\3rd\libzmq\src\ws_connecter.hpp">
      <Filter>3rd\libzmq</Filter>
    </ClInclude>
    <ClInclude Include="..\3rd\libzmq\src\ws_decoder.hpp">
      <Filter>3rd\libzmq</Filter>
    </ClInclude>
    <ClInclude Include="..\3rd\libzmq\src\ws_encoder.hpp">
      <Filter>3rd\libzmq</Filter>
    </ClInclude>
    <ClInclude Include="..\3rd\libzmq\src\ws_engine.hpp">
      <Filter>3rd\libzmq</Filter>
    </ClInclude>
    <ClInclude Include="..\3rd\libzmq\src\ws_listener.hpp">
      <Filter>3rd\libzmq</Filter>
    </ClInclude>
    <ClInclude Include="..\3rd\libzmq\src\ws_protocol.hpp">
      <Filter>3rd\libzmq</Filter>
    </ClInclude>
    <ClInclude Include="..\3rd\libzmq\src\xpub.hpp">
      <Filter>3rd\libzmq</Filter>
    </ClInclude>
    <ClInclude Include="..\3rd\libzmq\src\xsub.hpp">
      <Filter>3rd\libzmq</Filter>
    </ClInclude>
    <ClInclude Include="..\3rd\libzmq\src\ypipe.hpp">
      <Filter>3rd\libzmq</Filter>
    </ClInclude>
    <ClInclude Include="..\3rd\libzmq\src\ypipe_base.hpp">
      <Filter>3rd\libzmq</Filter>
    </ClInclude>
    <ClInclude Include="..\3rd\libzmq\src\ypipe_conflate.hpp">
      <Filter>3rd\libzmq</Filter>
    </ClInclude>
    <ClInclude Include="..\3rd\libzmq\src\yqueue.hpp">
      <Filter>3rd\libzmq</Filter>
    </ClInclude>
    <ClInclude Include="..\3rd\libzmq\src\zap_client.hpp">
      <Filter>3rd\libzmq</Filter>
    </ClInclude>
    <ClInclude Include="..\3rd\libzmq\src\zmq_draft.h">
      <Filter>3rd\libzmq</Filter>
    </ClInclude>
    <ClInclude Include="..\3rd\libzmq\src\zmtp_engine.hpp">
      <Filter>3rd\libzmq</Filter>
    </ClInclude>
    <ClInclude Include="..\include\utils\Logger.hpp">
      <Filter>Source Files\utils</Filter>
    </ClInclude>
    <ClInclude Include="..\include\main\WindowData.hpp">
      <Filter>Source Files\main</Filter>
    </ClInclude>
    <ClInclude Include="..\include\main\DrawableBase.hpp">
      <Filter>Source Files\main</Filter>
    </ClInclude>
    <ClInclude Include="..\include\main\CallbackDrawable.hpp">
      <Filter>Source Files\main</Filter>
    </ClInclude>
  </ItemGroup>
  <ItemGroup>
    <ResourceCompile Include="Resources.rc">
      <Filter>Resource Files</Filter>
    </ResourceCompile>
  </ItemGroup>
  <ItemGroup>
    <None Include="..\assets\settings.json">
      <Filter>Source Files\main</Filter>
    </None>
    <None Include="dnn_model_2_0.onnx" />
    <None Include="..\3rd\libzmq\src\libzmq.pc.in">
      <Filter>3rd\libzmq</Filter>
    </None>
    <None Include="..\3rd\libzmq\src\libzmq.vers">
      <Filter>3rd\libzmq</Filter>
    </None>
    <None Include="..\3rd\libzmq\src\version.rc.in">
      <Filter>3rd\libzmq</Filter>
    </None>
    <None Include="dnn_model_2_0_op11.onnx" />
    <None Include="dnn_model_2_0_lite_op11.onnx" />
    <None Include="InActually_ClassDiagram.cd" />
    <None Include="packages\Microsoft.Azure.Kinect.BodyTracking.1.1.2\content\dnn_model_2_0_op11.onnx" />
    <None Include="IA_Room.vcxproj" />
    <None Include="packages.config" />
  </ItemGroup>
  <ItemGroup>
    <ClCompile Include="..\src\InACTuallyApp.cpp">
      <Filter>Source Files\processing\behaviour</Filter>
    </ClCompile>
    <ClCompile Include="..\src\modules\NetworkModule.cpp">
      <Filter>Source Files\modules</Filter>
    </ClCompile>
  </ItemGroup>
</Project>